
Microsoft Visual Studio Solution File, Format Version 12.00
Project("{FAE04EC0-301F-11D3-BF4B-00C04F79EFBC}") = "Task12", "Task12\Task12.csproj", "{8A760915-30FD-47D6-867F-CAE508FC25A8}"
EndProject
Project("{FAE04EC0-301F-11D3-BF4B-00C04F79EFBC}") = "Task13", "Task13\Task13.csproj", "{6BBA7456-D4F8-48FA-9CB0-7A5D63E54B30}"
EndProject
Project("{FAE04EC0-301F-11D3-BF4B-00C04F79EFBC}") = "Task11", "Task11\Task11.csproj", "{3AD75E2A-B22A-4778-BFEC-1570E5E57884}"
EndProject
Project("{FAE04EC0-301F-11D3-BF4B-00C04F79EFBC}") = "Task14", "Task14\Task14.csproj", "{3FE3102A-A729-4B91-8C25-D3D9FE840AEB}"
EndProject
Project("{FAE04EC0-301F-11D3-BF4B-00C04F79EFBC}") = "Task15", "Task15\Task15.csproj", "{0B9B9B20-EED2-404D-8BA5-47F06068C5F5}"
EndProject
Project("{FAE04EC0-301F-11D3-BF4B-00C04F79EFBC}") = "Task16", "Task16\Task16.csproj", "{1FC8EE8A-D722-42A3-AE00-621CD0151FC2}"
EndProject
Project("{FAE04EC0-301F-11D3-BF4B-00C04F79EFBC}") = "Task18", "Task18\Task18.csproj", "{BA6D8AB4-C2DC-4750-A290-CC38E408052A}"
EndProject
Project("{FAE04EC0-301F-11D3-BF4B-00C04F79EFBC}") = "Task19", "Task19\Task19.csproj", "{1DA57C53-D54D-4C18-B265-234000010407}"
EndProject
Global
	GlobalSection(SolutionConfigurationPlatforms) = preSolution
		Debug|Any CPU = Debug|Any CPU
		Release|Any CPU = Release|Any CPU
	EndGlobalSection
	GlobalSection(ProjectConfigurationPlatforms) = postSolution
		{8A760915-30FD-47D6-867F-CAE508FC25A8}.Debug|Any CPU.ActiveCfg = Debug|Any CPU
		{8A760915-30FD-47D6-867F-CAE508FC25A8}.Debug|Any CPU.Build.0 = Debug|Any CPU
		{8A760915-30FD-47D6-867F-CAE508FC25A8}.Release|Any CPU.ActiveCfg = Release|Any CPU
		{8A760915-30FD-47D6-867F-CAE508FC25A8}.Release|Any CPU.Build.0 = Release|Any CPU
		{6BBA7456-D4F8-48FA-9CB0-7A5D63E54B30}.Debug|Any CPU.ActiveCfg = Debug|Any CPU
		{6BBA7456-D4F8-48FA-9CB0-7A5D63E54B30}.Debug|Any CPU.Build.0 = Debug|Any CPU
		{6BBA7456-D4F8-48FA-9CB0-7A5D63E54B30}.Release|Any CPU.ActiveCfg = Release|Any CPU
		{6BBA7456-D4F8-48FA-9CB0-7A5D63E54B30}.Release|Any CPU.Build.0 = Release|Any CPU
		{3AD75E2A-B22A-4778-BFEC-1570E5E57884}.Debug|Any CPU.ActiveCfg = Debug|Any CPU
		{3AD75E2A-B22A-4778-BFEC-1570E5E57884}.Debug|Any CPU.Build.0 = Debug|Any CPU
		{3AD75E2A-B22A-4778-BFEC-1570E5E57884}.Release|Any CPU.ActiveCfg = Release|Any CPU
		{3AD75E2A-B22A-4778-BFEC-1570E5E57884}.Release|Any CPU.Build.0 = Release|Any CPU
		{3FE3102A-A729-4B91-8C25-D3D9FE840AEB}.Debug|Any CPU.ActiveCfg = Debug|Any CPU
		{3FE3102A-A729-4B91-8C25-D3D9FE840AEB}.Debug|Any CPU.Build.0 = Debug|Any CPU
		{3FE3102A-A729-4B91-8C25-D3D9FE840AEB}.Release|Any CPU.ActiveCfg = Release|Any CPU
		{3FE3102A-A729-4B91-8C25-D3D9FE840AEB}.Release|Any CPU.Build.0 = Release|Any CPU
		{0B9B9B20-EED2-404D-8BA5-47F06068C5F5}.Debug|Any CPU.ActiveCfg = Debug|Any CPU
		{0B9B9B20-EED2-404D-8BA5-47F06068C5F5}.Debug|Any CPU.Build.0 = Debug|Any CPU
		{0B9B9B20-EED2-404D-8BA5-47F06068C5F5}.Release|Any CPU.ActiveCfg = Release|Any CPU
		{0B9B9B20-EED2-404D-8BA5-47F06068C5F5}.Release|Any CPU.Build.0 = Release|Any CPU
		{1FC8EE8A-D722-42A3-AE00-621CD0151FC2}.Debug|Any CPU.ActiveCfg = Debug|Any CPU
		{1FC8EE8A-D722-42A3-AE00-621CD0151FC2}.Debug|Any CPU.Build.0 = Debug|Any CPU
		{1FC8EE8A-D722-42A3-AE00-621CD0151FC2}.Release|Any CPU.ActiveCfg = Release|Any CPU
		{1FC8EE8A-D722-42A3-AE00-621CD0151FC2}.Release|Any CPU.Build.0 = Release|Any CPU
		{BA6D8AB4-C2DC-4750-A290-CC38E408052A}.Debug|Any CPU.ActiveCfg = Debug|Any CPU
		{BA6D8AB4-C2DC-4750-A290-CC38E408052A}.Debug|Any CPU.Build.0 = Debug|Any CPU
		{BA6D8AB4-C2DC-4750-A290-CC38E408052A}.Release|Any CPU.ActiveCfg = Release|Any CPU
		{BA6D8AB4-C2DC-4750-A290-CC38E408052A}.Release|Any CPU.Build.0 = Release|Any CPU
		{1DA57C53-D54D-4C18-B265-234000010407}.Debug|Any CPU.ActiveCfg = Debug|Any CPU
		{1DA57C53-D54D-4C18-B265-234000010407}.Debug|Any CPU.Build.0 = Debug|Any CPU
		{1DA57C53-D54D-4C18-B265-234000010407}.Release|Any CPU.ActiveCfg = Release|Any CPU
		{1DA57C53-D54D-4C18-B265-234000010407}.Release|Any CPU.Build.0 = Release|Any CPU
	EndGlobalSection
EndGlobal
