
Microsoft Visual Studio Solution File, Format Version 12.00
Project("{FAE04EC0-301F-11D3-BF4B-00C04F79EFBC}") = "Task12", "Task12\Task12.csproj", "{8A760915-30FD-47D6-867F-CAE508FC25A8}"
EndProject
Project("{FAE04EC0-301F-11D3-BF4B-00C04F79EFBC}") = "Task13", "Task13\Task13.csproj", "{6BBA7456-D4F8-48FA-9CB0-7A5D63E54B30}"
EndProject
Project("{FAE04EC0-301F-11D3-BF4B-00C04F79EFBC}") = "Task11", "Task11\Task11.csproj", "{3AD75E2A-B22A-4778-BFEC-1570E5E57884}"
EndProject
Global
	GlobalSection(SolutionConfigurationPlatforms) = preSolution
		Debug|Any CPU = Debug|Any CPU
		Release|Any CPU = Release|Any CPU
	EndGlobalSection
	GlobalSection(ProjectConfigurationPlatforms) = postSolution
		{8A760915-30FD-47D6-867F-CAE508FC25A8}.Debug|Any CPU.ActiveCfg = Debug|Any CPU
		{8A760915-30FD-47D6-867F-CAE508FC25A8}.Debug|Any CPU.Build.0 = Debug|Any CPU
		{8A760915-30FD-47D6-867F-CAE508FC25A8}.Release|Any CPU.ActiveCfg = Release|Any CPU
		{8A760915-30FD-47D6-867F-CAE508FC25A8}.Release|Any CPU.Build.0 = Release|Any CPU
		{6BBA7456-D4F8-48FA-9CB0-7A5D63E54B30}.Debug|Any CPU.ActiveCfg = Debug|Any CPU
		{6BBA7456-D4F8-48FA-9CB0-7A5D63E54B30}.Debug|Any CPU.Build.0 = Debug|Any CPU
		{6BBA7456-D4F8-48FA-9CB0-7A5D63E54B30}.Release|Any CPU.ActiveCfg = Release|Any CPU
		{6BBA7456-D4F8-48FA-9CB0-7A5D63E54B30}.Release|Any CPU.Build.0 = Release|Any CPU
		{3AD75E2A-B22A-4778-BFEC-1570E5E57884}.Debug|Any CPU.ActiveCfg = Debug|Any CPU
		{3AD75E2A-B22A-4778-BFEC-1570E5E57884}.Debug|Any CPU.Build.0 = Debug|Any CPU
		{3AD75E2A-B22A-4778-BFEC-1570E5E57884}.Release|Any CPU.ActiveCfg = Release|Any CPU
		{3AD75E2A-B22A-4778-BFEC-1570E5E57884}.Release|Any CPU.Build.0 = Release|Any CPU
	EndGlobalSection
EndGlobal
